
Microsoft Visual Studio Solution File, Format Version 12.00
# Visual Studio Version 17
VisualStudioVersion = 17.8.34330.188
MinimumVisualStudioVersion = 10.0.40219.1
Project("{FAE04EC0-301F-11D3-BF4B-00C04F79EFBC}") = "01. Train", "01. Train\01. Train.csproj", "{E52C6CE3-E9BE-4FC2-B38C-53D28F270453}"
EndProject
Project("{FAE04EC0-301F-11D3-BF4B-00C04F79EFBC}") = "02. Common Elements", "02. Common Elements\02. Common Elements.csproj", "{AAF2526E-34A9-468E-BE73-DDDF28396961}"
EndProject
Project("{FAE04EC0-301F-11D3-BF4B-00C04F79EFBC}") = "03. Zig-Zag Arrays", "03. Zig-Zag Arrays\03. Zig-Zag Arrays.csproj", "{CF93BF5B-C2C1-4705-B744-21F3BA38C81B}"
EndProject
Project("{FAE04EC0-301F-11D3-BF4B-00C04F79EFBC}") = "04. Array Rotation", "04. Array Rotation\04. Array Rotation.csproj", "{CE6B623E-A844-461E-A580-5A9339595CF3}"
EndProject
Project("{FAE04EC0-301F-11D3-BF4B-00C04F79EFBC}") = "05. Top Integers", "05. Top Integers\05. Top Integers.csproj", "{904E4470-5308-4795-B5BE-995C2902F7E5}"
EndProject
Project("{FAE04EC0-301F-11D3-BF4B-00C04F79EFBC}") = "06. Equal Sum", "06. Equal Sum\06. Equal Sum.csproj", "{4BC9A4DF-080E-4747-B997-0066EC61FE1E}"
EndProject
Global
	GlobalSection(SolutionConfigurationPlatforms) = preSolution
		Debug|Any CPU = Debug|Any CPU
		Release|Any CPU = Release|Any CPU
	EndGlobalSection
	GlobalSection(ProjectConfigurationPlatforms) = postSolution
		{E52C6CE3-E9BE-4FC2-B38C-53D28F270453}.Debug|Any CPU.ActiveCfg = Debug|Any CPU
		{E52C6CE3-E9BE-4FC2-B38C-53D28F270453}.Debug|Any CPU.Build.0 = Debug|Any CPU
		{E52C6CE3-E9BE-4FC2-B38C-53D28F270453}.Release|Any CPU.ActiveCfg = Release|Any CPU
		{E52C6CE3-E9BE-4FC2-B38C-53D28F270453}.Release|Any CPU.Build.0 = Release|Any CPU
		{AAF2526E-34A9-468E-BE73-DDDF28396961}.Debug|Any CPU.ActiveCfg = Debug|Any CPU
		{AAF2526E-34A9-468E-BE73-DDDF28396961}.Debug|Any CPU.Build.0 = Debug|Any CPU
		{AAF2526E-34A9-468E-BE73-DDDF28396961}.Release|Any CPU.ActiveCfg = Release|Any CPU
		{AAF2526E-34A9-468E-BE73-DDDF28396961}.Release|Any CPU.Build.0 = Release|Any CPU
		{CF93BF5B-C2C1-4705-B744-21F3BA38C81B}.Debug|Any CPU.ActiveCfg = Debug|Any CPU
		{CF93BF5B-C2C1-4705-B744-21F3BA38C81B}.Debug|Any CPU.Build.0 = Debug|Any CPU
		{CF93BF5B-C2C1-4705-B744-21F3BA38C81B}.Release|Any CPU.ActiveCfg = Release|Any CPU
		{CF93BF5B-C2C1-4705-B744-21F3BA38C81B}.Release|Any CPU.Build.0 = Release|Any CPU
		{CE6B623E-A844-461E-A580-5A9339595CF3}.Debug|Any CPU.ActiveCfg = Debug|Any CPU
		{CE6B623E-A844-461E-A580-5A9339595CF3}.Debug|Any CPU.Build.0 = Debug|Any CPU
		{CE6B623E-A844-461E-A580-5A9339595CF3}.Release|Any CPU.ActiveCfg = Release|Any CPU
		{CE6B623E-A844-461E-A580-5A9339595CF3}.Release|Any CPU.Build.0 = Release|Any CPU
		{904E4470-5308-4795-B5BE-995C2902F7E5}.Debug|Any CPU.ActiveCfg = Debug|Any CPU
		{904E4470-5308-4795-B5BE-995C2902F7E5}.Debug|Any CPU.Build.0 = Debug|Any CPU
		{904E4470-5308-4795-B5BE-995C2902F7E5}.Release|Any CPU.ActiveCfg = Release|Any CPU
		{904E4470-5308-4795-B5BE-995C2902F7E5}.Release|Any CPU.Build.0 = Release|Any CPU
		{4BC9A4DF-080E-4747-B997-0066EC61FE1E}.Debug|Any CPU.ActiveCfg = Debug|Any CPU
		{4BC9A4DF-080E-4747-B997-0066EC61FE1E}.Debug|Any CPU.Build.0 = Debug|Any CPU
		{4BC9A4DF-080E-4747-B997-0066EC61FE1E}.Release|Any CPU.ActiveCfg = Release|Any CPU
		{4BC9A4DF-080E-4747-B997-0066EC61FE1E}.Release|Any CPU.Build.0 = Release|Any CPU
	EndGlobalSection
	GlobalSection(SolutionProperties) = preSolution
		HideSolutionNode = FALSE
	EndGlobalSection
	GlobalSection(ExtensibilityGlobals) = postSolution
		SolutionGuid = {06B7276E-2CD8-4409-A13F-81D47C7EEFD7}
	EndGlobalSection
EndGlobal
