
Microsoft Visual Studio Solution File, Format Version 12.00
# Visual Studio Version 17
VisualStudioVersion = 17.8.34330.188
MinimumVisualStudioVersion = 10.0.40219.1
Project("{9A19103F-16F7-4668-BE54-9A1E7A4F7556}") = "01. Computer Store", "01. Computer Store\01. Computer Store.csproj", "{A3A6637A-DFBA-497E-B816-62C4950F5C90}"
EndProject
Project("{9A19103F-16F7-4668-BE54-9A1E7A4F7556}") = "02. The Lift", "02. The Lift\02. The Lift.csproj", "{4758C667-6B57-4A5A-812F-E11B435A9307}"
EndProject
Project("{FAE04EC0-301F-11D3-BF4B-00C04F79EFBC}") = "03. Memory Game", "03. Memory Game\03. Memory Game.csproj", "{45968DC3-49B0-4EBE-8517-1A2AAACA3584}"
EndProject
Global
	GlobalSection(SolutionConfigurationPlatforms) = preSolution
		Debug|Any CPU = Debug|Any CPU
		Release|Any CPU = Release|Any CPU
	EndGlobalSection
	GlobalSection(ProjectConfigurationPlatforms) = postSolution
		{A3A6637A-DFBA-497E-B816-62C4950F5C90}.Debug|Any CPU.ActiveCfg = Debug|Any CPU
		{A3A6637A-DFBA-497E-B816-62C4950F5C90}.Debug|Any CPU.Build.0 = Debug|Any CPU
		{A3A6637A-DFBA-497E-B816-62C4950F5C90}.Release|Any CPU.ActiveCfg = Release|Any CPU
		{A3A6637A-DFBA-497E-B816-62C4950F5C90}.Release|Any CPU.Build.0 = Release|Any CPU
		{4758C667-6B57-4A5A-812F-E11B435A9307}.Debug|Any CPU.ActiveCfg = Debug|Any CPU
		{4758C667-6B57-4A5A-812F-E11B435A9307}.Debug|Any CPU.Build.0 = Debug|Any CPU
		{4758C667-6B57-4A5A-812F-E11B435A9307}.Release|Any CPU.ActiveCfg = Release|Any CPU
		{4758C667-6B57-4A5A-812F-E11B435A9307}.Release|Any CPU.Build.0 = Release|Any CPU
		{45968DC3-49B0-4EBE-8517-1A2AAACA3584}.Debug|Any CPU.ActiveCfg = Debug|Any CPU
		{45968DC3-49B0-4EBE-8517-1A2AAACA3584}.Debug|Any CPU.Build.0 = Debug|Any CPU
		{45968DC3-49B0-4EBE-8517-1A2AAACA3584}.Release|Any CPU.ActiveCfg = Release|Any CPU
		{45968DC3-49B0-4EBE-8517-1A2AAACA3584}.Release|Any CPU.Build.0 = Release|Any CPU
	EndGlobalSection
	GlobalSection(SolutionProperties) = preSolution
		HideSolutionNode = FALSE
	EndGlobalSection
	GlobalSection(ExtensibilityGlobals) = postSolution
		SolutionGuid = {DBF4AC2A-713E-49A2-B89C-DACFC210B111}
	EndGlobalSection
EndGlobal
